{
  "nodes": {
    "adhd-skills": {
      "flake": false,
      "locked": {
        "lastModified": 1791329026,
        "narHash": "sha256-5EYLKtrg0RQN0CHR51Sc2qSkgYklu6lqzuH87Dp3gv4=",
        "owner": "ayghri",
        "repo": "i-have-adhd",
        "rev": "723af7d9afaf43eb871dbcce6129e2bf80de90d5",
        "type": "github"
      },
      "original": {
        "owner": "ayghri",
        "repo": "i-have-adhd",
        "type": "github"
      }
    },
    "brew-src": {
      "flake": false,
      "locked": {
        "lastModified": 1789661079,
        "narHash": "sha256-geVTQ51PGZ1mLULM5k7wO7qt/6xenOR/YG8X7Q3eCaI=",
        "owner": "Homebrew",
        "repo": "brew",
        "rev": "edb70f031e4170c780799633a1226ff73e1077f4",
        "type": "github"
      },
      "original": {
        "owner": "Homebrew",
        "ref": "7.0.4",
        "repo": "brew",
        "type": "github"
      }
    },
    "home-manager": {
      "inputs": {
        "nixpkgs": [
          "nixpkgs"
        ]
      },
      "locked": {
        "lastModified": 1789267039,
        "narHash": "sha256-LWiBv9yAYFi2LPbUhDGHPGKYskJQjj2fw12OlyO1uQo=",
        "owner": "nix-community",
        "repo": "home-manager",
        "rev": "ec172013fa62135f58fb58dd17ae9651e8f39727",
        "type": "github"
      },
      "original": {
        "owner": "nix-community",
        "ref": "release-26.05",
        "repo": "home-manager",
        "type": "github"
      }
    },
    "homebrew-cask": {
      "flake": false,
      "locked": {
        "lastModified": 1790093411,
        "narHash": "sha256-7qTRgcXzYHxmb6X3nCz/dtpotWTuF/ouf1/5b3aZMSI=",
        "owner": "homebrew",
        "repo": "homebrew-cask",
        "rev": "f4995c04df5cca572a878a5c436a3c3b72fb02e6",
        "type": "github"
      },
      "original": {
        "owner": "homebrew",
        "repo": "homebrew-cask",
        "type": "github"
      }
    },
    "homebrew-core": {
      "flake": false,
      "locked": {
        "lastModified": 1790092733,
        "narHash": "sha256-eNE0Etq/aIl+r1kAcGxhddpJFoBa89UsqlQXqV1z51g=",
        "owner": "homebrew",
        "repo": "homebrew-core",
        "rev": "7db42d0472f68397269493582bd96fcde8b5184c",
        "type": "github"
      },
      "original": {
        "owner": "homebrew",
        "repo": "homebrew-core",
        "type": "github"
      }
    },
    "matt-skills": {
      "flake": false,
      "locked": {
        "lastModified": 1791199038,
        "narHash": "sha256-oN3OQPouK6wrrGzmgNdvdOVLsOJVGaK7cy3BZoE10AA=",
        "owner": "mattpocock",
        "repo": "skills",
        "rev": "4588b32ecab9ecc9fc8cc6b6c5e7d675b6004b0d",
        "type": "github"
      },
      "original": {
        "owner": "mattpocock",
        "repo": "skills",
        "type": "github"
      }
    },
    "nix-darwin": {
      "inputs": {
        "nixpkgs": [
          "nixpkgs"
        ]
      },
      "locked": {
        "lastModified": 1783744694,
        "narHash": "sha256-2cp6N3rrwnGYLTx9l6N+NI+kwrCWxvJUbj5WJhvB29A=",
        "owner": "nix-darwin",
        "repo": "nix-darwin",
        "rev": "c3e90c89649b07d1a96e4b9dd6cd0d6e44b91a74",
        "type": "github"
      },
      "original": {
        "owner": "nix-darwin",
        "ref": "nix-darwin-26.05",
        "repo": "nix-darwin",
        "type": "github"
      }
    },
    "nix-homebrew": {
      "inputs": {
        "brew-src": "brew-src"
      },
      "locked": {
        "lastModified": 1789928041,
        "narHash": "sha256-iV37ieTcE4ZLOYEe0VznW6dWMBe4lEL8AbK1vblyZGM=",
        "owner": "zhaofengli",
        "repo": "nix-homebrew",
        "rev": "c11cccfdd36dd69b5323d70d354b2853379c2426",
        "type": "github"
      },
      "original": {
        "owner": "zhaofengli",
        "repo": "nix-homebrew",
        "type": "github"
      }
    },
    "nixpkgs": {
      "locked": {
        "lastModified": 1791244311,
        "narHash": "sha256-cy5PsNucfXU5+KtLR+S9/zdkWOUplhL5Xr0LQWhSYbs=",
        "owner": "NixOS",
        "repo": "nixpkgs",
        "rev": "2bd3427b41d10b8318383195efe502ed1baca6cd",
        "type": "github"
      },
      "original": {
        "owner": "NixOS",
        "ref": "nixpkgs-26.05-darwin",
        "repo": "nixpkgs",
        "type": "github"
      }
    },
    "root": {
      "inputs": {
        "adhd-skills": "adhd-skills",
        "home-manager": "home-manager",
        "homebrew-cask": "homebrew-cask",
        "homebrew-core": "homebrew-core",
        "matt-skills": "matt-skills",
        "nix-darwin": "nix-darwin",
        "nix-homebrew": "nix-homebrew",
        "nixpkgs": "nixpkgs",
        "simple-english-skills": "simple-english-skills"
      }
    },
    "simple-english-skills": {
      "flake": false,
      "locked": {
        "lastModified": 1791214717,
        "narHash": "sha256-p1ffLp/3Yg1yBfCikBwua3ieVBCNyZfTZH6GBAxNREA=",
        "owner": "AminBlg",
        "repo": "SimpleEnglish",
        "rev": "a6fcb4fde098b33617cc1578d151ebf58774b883",
        "type": "github"
      },
      "original": {
        "owner": "AminBlg",
        "repo": "SimpleEnglish",
        "type": "github"
      }
    }
  },
  "root": "root",
  "version": 7
}
